
Microsoft Visual Studio Solution File, Format Version 12.00
# Visual Studio 2012
Project("{E24C65DC-7377-472B-9ABA-BC803B73C61A}") = "LingHang", "http://localhost:40467", "{65CE9481-1F68-4A50-B535-983B0076560C}"
	ProjectSection(WebsiteProperties) = preProject
		UseIISExpress = "true"
		TargetFrameworkMoniker = ".NETFramework,Version%3Dv4.5"
		ProjectReferences = "{e51e59c3-c4ab-44dd-ac78-da7a25a8b3cd}|DAL.dll;{23f214a2-5de5-42c6-97f9-a94f47761899}|Model.dll;"
		Debug.AspNetCompiler.VirtualPath = "/localhost_40467"
		Debug.AspNetCompiler.PhysicalPath = "..\LingHang\"
		Debug.AspNetCompiler.TargetPath = "PrecompiledWeb\localhost_40467\"
		Debug.AspNetCompiler.Updateable = "true"
		Debug.AspNetCompiler.ForceOverwrite = "true"
		Debug.AspNetCompiler.FixedNames = "false"
		Debug.AspNetCompiler.Debug = "True"
		Release.AspNetCompiler.VirtualPath = "/localhost_40467"
		Release.AspNetCompiler.PhysicalPath = "..\LingHang\"
		Release.AspNetCompiler.TargetPath = "PrecompiledWeb\localhost_40467\"
		Release.AspNetCompiler.Updateable = "true"
		Release.AspNetCompiler.ForceOverwrite = "true"
		Release.AspNetCompiler.FixedNames = "false"
		Release.AspNetCompiler.Debug = "False"
		SlnRelativePath = "..\LingHang\"
		DefaultWebSiteLanguage = "Visual C#"
	EndProjectSection
EndProject
Project("{FAE04EC0-301F-11D3-BF4B-00C04F79EFBC}") = "Model", "Model\Model.csproj", "{23F214A2-5DE5-42C6-97F9-A94F47761899}"
EndProject
Project("{FAE04EC0-301F-11D3-BF4B-00C04F79EFBC}") = "DAL", "DAL\DAL.csproj", "{E51E59C3-C4AB-44DD-AC78-DA7A25A8B3CD}"
EndProject
Global
	GlobalSection(SolutionConfigurationPlatforms) = preSolution
		Debug|Any CPU = Debug|Any CPU
		Release|Any CPU = Release|Any CPU
	EndGlobalSection
	GlobalSection(ProjectConfigurationPlatforms) = postSolution
		{65CE9481-1F68-4A50-B535-983B0076560C}.Debug|Any CPU.ActiveCfg = Debug|Any CPU
		{65CE9481-1F68-4A50-B535-983B0076560C}.Debug|Any CPU.Build.0 = Debug|Any CPU
		{65CE9481-1F68-4A50-B535-983B0076560C}.Release|Any CPU.ActiveCfg = Debug|Any CPU
		{65CE9481-1F68-4A50-B535-983B0076560C}.Release|Any CPU.Build.0 = Debug|Any CPU
		{23F214A2-5DE5-42C6-97F9-A94F47761899}.Debug|Any CPU.ActiveCfg = Debug|Any CPU
		{23F214A2-5DE5-42C6-97F9-A94F47761899}.Debug|Any CPU.Build.0 = Debug|Any CPU
		{23F214A2-5DE5-42C6-97F9-A94F47761899}.Release|Any CPU.ActiveCfg = Release|Any CPU
		{23F214A2-5DE5-42C6-97F9-A94F47761899}.Release|Any CPU.Build.0 = Release|Any CPU
		{E51E59C3-C4AB-44DD-AC78-DA7A25A8B3CD}.Debug|Any CPU.ActiveCfg = Debug|Any CPU
		{E51E59C3-C4AB-44DD-AC78-DA7A25A8B3CD}.Debug|Any CPU.Build.0 = Debug|Any CPU
		{E51E59C3-C4AB-44DD-AC78-DA7A25A8B3CD}.Release|Any CPU.ActiveCfg = Release|Any CPU
		{E51E59C3-C4AB-44DD-AC78-DA7A25A8B3CD}.Release|Any CPU.Build.0 = Release|Any CPU
	EndGlobalSection
	GlobalSection(SolutionProperties) = preSolution
		HideSolutionNode = FALSE
	EndGlobalSection
EndGlobal
